
Microsoft Visual Studio Solution File, Format Version 12.00
# Visual Studio Version 17
VisualStudioVersion = 17.0.31903.59
MinimumVisualStudioVersion = 10.0.40219.1
Project("{2150E333-8FDC-42A3-9474-1A3956D46DE8}") = "src", "src", "{827E0CD3-B72D-47B6-A68D-7590B98EB39B}"
EndProject
Project("{FAE04EC0-301F-11D3-BF4B-00C04F79EFBC}") = "Shop.Web", "src\Shop.Web\Shop.Web.csproj", "{70CED695-3053-4BD1-9ACF-1B87E7AA2487}"
EndProject
Project("{FAE04EC0-301F-11D3-BF4B-00C04F79EFBC}") = "Shop.Tests", "tests\Shop.Tests\Shop.Tests.csproj", "{CCA0E08D-591A-41D1-AA70-557CB0454AF9}"
EndProject
Project("{FAE04EC0-301F-11D3-BF4B-00C04F79EFBC}") = "Shop.Infrastructure", "src\Shop.Infrastructure\Shop.Infrastructure.csproj", "{2EE94A87-7843-4C6F-80FE-143707656AD0}"
EndProject
Project("{FAE04EC0-301F-11D3-BF4B-00C04F79EFBC}") = "Shop.Domain", "src\Shop.Domain\Shop.Domain.csproj", "{EB27033F-19BB-45EF-ACB7-A796C488D78E}"
EndProject
Project("{FAE04EC0-301F-11D3-BF4B-00C04F79EFBC}") = "Shop.Repositories", "ShopRepositories\Shop.Repositories.csproj", "{B2FA212B-67DD-46C4-9AD0-7F469A4B4A0B}"
EndProject
Global
	GlobalSection(SolutionConfigurationPlatforms) = preSolution
		Debug|Any CPU = Debug|Any CPU
		Debug|x64 = Debug|x64
		Debug|x86 = Debug|x86
		Release|Any CPU = Release|Any CPU
		Release|x64 = Release|x64
		Release|x86 = Release|x86
	EndGlobalSection
	GlobalSection(ProjectConfigurationPlatforms) = postSolution
		{70CED695-3053-4BD1-9ACF-1B87E7AA2487}.Debug|Any CPU.ActiveCfg = Debug|Any CPU
		{70CED695-3053-4BD1-9ACF-1B87E7AA2487}.Debug|Any CPU.Build.0 = Debug|Any CPU
		{70CED695-3053-4BD1-9ACF-1B87E7AA2487}.Debug|x64.ActiveCfg = Debug|Any CPU
		{70CED695-3053-4BD1-9ACF-1B87E7AA2487}.Debug|x64.Build.0 = Debug|Any CPU
		{70CED695-3053-4BD1-9ACF-1B87E7AA2487}.Debug|x86.ActiveCfg = Debug|Any CPU
		{70CED695-3053-4BD1-9ACF-1B87E7AA2487}.Debug|x86.Build.0 = Debug|Any CPU
		{70CED695-3053-4BD1-9ACF-1B87E7AA2487}.Release|Any CPU.ActiveCfg = Release|Any CPU
		{70CED695-3053-4BD1-9ACF-1B87E7AA2487}.Release|Any CPU.Build.0 = Release|Any CPU
		{70CED695-3053-4BD1-9ACF-1B87E7AA2487}.Release|x64.ActiveCfg = Release|Any CPU
		{70CED695-3053-4BD1-9ACF-1B87E7AA2487}.Release|x64.Build.0 = Release|Any CPU
		{70CED695-3053-4BD1-9ACF-1B87E7AA2487}.Release|x86.ActiveCfg = Release|Any CPU
		{70CED695-3053-4BD1-9ACF-1B87E7AA2487}.Release|x86.Build.0 = Release|Any CPU
		{CCA0E08D-591A-41D1-AA70-557CB0454AF9}.Debug|Any CPU.ActiveCfg = Debug|Any CPU
		{CCA0E08D-591A-41D1-AA70-557CB0454AF9}.Debug|Any CPU.Build.0 = Debug|Any CPU
		{CCA0E08D-591A-41D1-AA70-557CB0454AF9}.Debug|x64.ActiveCfg = Debug|Any CPU
		{CCA0E08D-591A-41D1-AA70-557CB0454AF9}.Debug|x64.Build.0 = Debug|Any CPU
		{CCA0E08D-591A-41D1-AA70-557CB0454AF9}.Debug|x86.ActiveCfg = Debug|Any CPU
		{CCA0E08D-591A-41D1-AA70-557CB0454AF9}.Debug|x86.Build.0 = Debug|Any CPU
		{CCA0E08D-591A-41D1-AA70-557CB0454AF9}.Release|Any CPU.ActiveCfg = Release|Any CPU
		{CCA0E08D-591A-41D1-AA70-557CB0454AF9}.Release|Any CPU.Build.0 = Release|Any CPU
		{CCA0E08D-591A-41D1-AA70-557CB0454AF9}.Release|x64.ActiveCfg = Release|Any CPU
		{CCA0E08D-591A-41D1-AA70-557CB0454AF9}.Release|x64.Build.0 = Release|Any CPU
		{CCA0E08D-591A-41D1-AA70-557CB0454AF9}.Release|x86.ActiveCfg = Release|Any CPU
		{CCA0E08D-591A-41D1-AA70-557CB0454AF9}.Release|x86.Build.0 = Release|Any CPU
		{2EE94A87-7843-4C6F-80FE-143707656AD0}.Debug|Any CPU.ActiveCfg = Debug|Any CPU
		{2EE94A87-7843-4C6F-80FE-143707656AD0}.Debug|Any CPU.Build.0 = Debug|Any CPU
		{2EE94A87-7843-4C6F-80FE-143707656AD0}.Debug|x64.ActiveCfg = Debug|Any CPU
		{2EE94A87-7843-4C6F-80FE-143707656AD0}.Debug|x64.Build.0 = Debug|Any CPU
		{2EE94A87-7843-4C6F-80FE-143707656AD0}.Debug|x86.ActiveCfg = Debug|Any CPU
		{2EE94A87-7843-4C6F-80FE-143707656AD0}.Debug|x86.Build.0 = Debug|Any CPU
		{2EE94A87-7843-4C6F-80FE-143707656AD0}.Release|Any CPU.ActiveCfg = Release|Any CPU
		{2EE94A87-7843-4C6F-80FE-143707656AD0}.Release|Any CPU.Build.0 = Release|Any CPU
		{2EE94A87-7843-4C6F-80FE-143707656AD0}.Release|x64.ActiveCfg = Release|Any CPU
		{2EE94A87-7843-4C6F-80FE-143707656AD0}.Release|x64.Build.0 = Release|Any CPU
		{2EE94A87-7843-4C6F-80FE-143707656AD0}.Release|x86.ActiveCfg = Release|Any CPU
		{2EE94A87-7843-4C6F-80FE-143707656AD0}.Release|x86.Build.0 = Release|Any CPU
		{EB27033F-19BB-45EF-ACB7-A796C488D78E}.Debug|Any CPU.ActiveCfg = Debug|Any CPU
		{EB27033F-19BB-45EF-ACB7-A796C488D78E}.Debug|Any CPU.Build.0 = Debug|Any CPU
		{EB27033F-19BB-45EF-ACB7-A796C488D78E}.Debug|x64.ActiveCfg = Debug|Any CPU
		{EB27033F-19BB-45EF-ACB7-A796C488D78E}.Debug|x64.Build.0 = Debug|Any CPU
		{EB27033F-19BB-45EF-ACB7-A796C488D78E}.Debug|x86.ActiveCfg = Debug|Any CPU
		{EB27033F-19BB-45EF-ACB7-A796C488D78E}.Debug|x86.Build.0 = Debug|Any CPU
		{EB27033F-19BB-45EF-ACB7-A796C488D78E}.Release|Any CPU.ActiveCfg = Release|Any CPU
		{EB27033F-19BB-45EF-ACB7-A796C488D78E}.Release|Any CPU.Build.0 = Release|Any CPU
		{EB27033F-19BB-45EF-ACB7-A796C488D78E}.Release|x64.ActiveCfg = Release|Any CPU
		{EB27033F-19BB-45EF-ACB7-A796C488D78E}.Release|x64.Build.0 = Release|Any CPU
		{EB27033F-19BB-45EF-ACB7-A796C488D78E}.Release|x86.ActiveCfg = Release|Any CPU
		{EB27033F-19BB-45EF-ACB7-A796C488D78E}.Release|x86.Build.0 = Release|Any CPU
		{B2FA212B-67DD-46C4-9AD0-7F469A4B4A0B}.Debug|Any CPU.ActiveCfg = Debug|Any CPU
		{B2FA212B-67DD-46C4-9AD0-7F469A4B4A0B}.Debug|Any CPU.Build.0 = Debug|Any CPU
		{B2FA212B-67DD-46C4-9AD0-7F469A4B4A0B}.Debug|x64.ActiveCfg = Debug|Any CPU
		{B2FA212B-67DD-46C4-9AD0-7F469A4B4A0B}.Debug|x64.Build.0 = Debug|Any CPU
		{B2FA212B-67DD-46C4-9AD0-7F469A4B4A0B}.Debug|x86.ActiveCfg = Debug|Any CPU
		{B2FA212B-67DD-46C4-9AD0-7F469A4B4A0B}.Debug|x86.Build.0 = Debug|Any CPU
		{B2FA212B-67DD-46C4-9AD0-7F469A4B4A0B}.Release|Any CPU.ActiveCfg = Release|Any CPU
		{B2FA212B-67DD-46C4-9AD0-7F469A4B4A0B}.Release|Any CPU.Build.0 = Release|Any CPU
		{B2FA212B-67DD-46C4-9AD0-7F469A4B4A0B}.Release|x64.ActiveCfg = Release|Any CPU
		{B2FA212B-67DD-46C4-9AD0-7F469A4B4A0B}.Release|x64.Build.0 = Release|Any CPU
		{B2FA212B-67DD-46C4-9AD0-7F469A4B4A0B}.Release|x86.ActiveCfg = Release|Any CPU
		{B2FA212B-67DD-46C4-9AD0-7F469A4B4A0B}.Release|x86.Build.0 = Release|Any CPU
	EndGlobalSection
	GlobalSection(SolutionProperties) = preSolution
		HideSolutionNode = FALSE
	EndGlobalSection
	GlobalSection(NestedProjects) = preSolution
		{70CED695-3053-4BD1-9ACF-1B87E7AA2487} = {827E0CD3-B72D-47B6-A68D-7590B98EB39B}
		{CCA0E08D-591A-41D1-AA70-557CB0454AF9} = {827E0CD3-B72D-47B6-A68D-7590B98EB39B}
		{2EE94A87-7843-4C6F-80FE-143707656AD0} = {827E0CD3-B72D-47B6-A68D-7590B98EB39B}
		{EB27033F-19BB-45EF-ACB7-A796C488D78E} = {827E0CD3-B72D-47B6-A68D-7590B98EB39B}
		{B2FA212B-67DD-46C4-9AD0-7F469A4B4A0B} = {827E0CD3-B72D-47B6-A68D-7590B98EB39B}
	EndGlobalSection
	GlobalSection(ExtensibilityGlobals) = postSolution
		SolutionGuid = {C6CB2102-46EF-4E45-A39E-980CD8C96836}
	EndGlobalSection
EndGlobal
